{
    "_meta": {
        "hash": {
            "sha256": "5fda5545f2f29e8d64b5000965cde714fa11b326802827687023ca44a75652b5"
        },
        "pipfile-spec": 6,
        "requires": {
            "python_version": "3.8"
        },
        "sources": [
            {
                "name": "pypi",
                "url": "https://pypi.org/simple",
                "verify_ssl": true
            }
        ]
    },
    "default": {
        "certifi": {
            "hashes": [
                "sha256:78884e7c1d4b00ce3cea67b44566851c4343c120abd683433ce934a68ea58872",
                "sha256:d62a0163eb4c2344ac042ab2bdf75399a71a2d8c7d47eac2e2ee91b9d6339569"
            ],
            "version": "==2021.10.8"
        },
        "chardet": {
            "hashes": [
                "sha256:0d6f53a15db4120f2b08c94f11e7d93d2c911ee118b6b30a04ec3ee8310179fa",
                "sha256:f864054d66fd9118f2e67044ac8981a54775ec5b67aed0441892edb553d21da5"
            ],
            "markers": "python_version >= '2.7' and python_version not in '3.0, 3.1, 3.2, 3.3, 3.4'",
            "version": "==4.0.0"
        },
        "cycler": {
            "hashes": [
                "sha256:3a27e95f763a428a739d2add979fa7494c912a32c17c4c38c4d5f082cad165a3",
                "sha256:9c87405839a19696e837b3b818fed3f5f69f16f1eec1a1ad77e043dcea9c772f"
            ],
            "markers": "python_version >= '3.6'",
            "version": "==0.11.0"
        },
        "idna": {
            "hashes": [
                "sha256:b307872f855b18632ce0c21c5e45be78c0ea7ae4c15c828c20788b26921eb3f6",
                "sha256:b97d804b1e9b523befed77c48dacec60e6dcb0b5391d57af6a65a312a90648c0"
            ],
            "markers": "python_version >= '2.7' and python_version not in '3.0, 3.1, 3.2, 3.3'",
            "version": "==2.10"
        },
        "jinja2": {
            "hashes": [
                "sha256:03e47ad063331dd6a3f04a43eddca8a966a26ba0c5b7207a9a9e4e08f1b29419",
                "sha256:a6d58433de0ae800347cab1fa3043cebbabe8baa9d29e668f1c768cb87a333c6"
            ],
            "index": "pypi",
            "version": "==2.11.3"
        },
        "kiwisolver": {
            "hashes": [
                "sha256:0007840186bacfaa0aba4466d5890334ea5938e0bb7e28078a0eb0e63b5b59d5",
                "sha256:19554bd8d54cf41139f376753af1a644b63c9ca93f8f72009d50a2080f870f77",
                "sha256:1d45d1c74f88b9f41062716c727f78f2a59a5476ecbe74956fafb423c5c87a76",
                "sha256:1d819553730d3c2724582124aee8a03c846ec4362ded1034c16fb3ef309264e6",
                "sha256:2210f28778c7d2ee13f3c2a20a3a22db889e75f4ec13a21072eabb5693801e84",
                "sha256:22521219ca739654a296eea6d4367703558fba16f98688bd8ce65abff36eaa84",
                "sha256:25405f88a37c5f5bcba01c6e350086d65e7465fd1caaf986333d2a045045a223",
                "sha256:2b65bd35f3e06a47b5c30ea99e0c2b88f72c6476eedaf8cfbc8e66adb5479dcf",
                "sha256:2ddb500a2808c100e72c075cbb00bf32e62763c82b6a882d403f01a119e3f402",
                "sha256:2f8f6c8f4f1cff93ca5058d6ec5f0efda922ecb3f4c5fb76181f327decff98b8",
                "sha256:30fa008c172355c7768159983a7270cb23838c4d7db73d6c0f6b60dde0d432c6",
                "sha256:3dbb3cea20b4af4f49f84cffaf45dd5f88e8594d18568e0225e6ad9dec0e7967",
                "sha256:4116ba9a58109ed5e4cb315bdcbff9838f3159d099ba5259c7c7fb77f8537492",
                "sha256:44e6adf67577dbdfa2d9f06db9fbc5639afefdb5bf2b4dfec25c3a7fbc619536",
                "sha256:5326ddfacbe51abf9469fe668944bc2e399181a2158cb5d45e1d40856b2a0589",
                "sha256:70adc3658138bc77a36ce769f5f183169bc0a2906a4f61f09673f7181255ac9b",
                "sha256:72be6ebb4e92520b9726d7146bc9c9b277513a57a38efcf66db0620aec0097e0",
                "sha256:7843b1624d6ccca403a610d1277f7c28ad184c5aa88a1750c1a999754e65b439",
                "sha256:7ba5a1041480c6e0a8b11a9544d53562abc2d19220bfa14133e0cdd9967e97af",
                "sha256:80efd202108c3a4150e042b269f7c78643420cc232a0a771743bb96b742f838f",
                "sha256:82f49c5a79d3839bc8f38cb5f4bfc87e15f04cbafa5fbd12fb32c941cb529cfb",
                "sha256:83d2c9db5dfc537d0171e32de160461230eb14663299b7e6d18ca6dca21e4977",
                "sha256:8d93a1095f83e908fc253f2fb569c2711414c0bfd451cab580466465b235b470",
                "sha256:8dc3d842fa41a33fe83d9f5c66c0cc1f28756530cd89944b63b072281e852031",
                "sha256:9661a04ca3c950a8ac8c47f53cbc0b530bce1b52f516a1e87b7736fec24bfff0",
                "sha256:a498bcd005e8a3fedd0022bb30ee0ad92728154a8798b703f394484452550507",
                "sha256:a7a4cf5bbdc861987a7745aed7a536c6405256853c94abc9f3287c3fa401b174",
                "sha256:b5074fb09429f2b7bc82b6fb4be8645dcbac14e592128beeff5461dcde0af09f",
                "sha256:b6a5431940f28b6de123de42f0eb47b84a073ee3c3345dc109ad550a3307dd28",
                "sha256:ba677bcaff9429fd1bf01648ad0901cea56c0d068df383d5f5856d88221fe75b",
                "sha256:bcadb05c3d4794eb9eee1dddf1c24215c92fb7b55a80beae7a60530a91060560",
                "sha256:bf7eb45d14fc036514c09554bf983f2a72323254912ed0c3c8e697b62c4c158f",
                "sha256:c358721aebd40c243894298f685a19eb0491a5c3e0b923b9f887ef1193ddf829",
                "sha256:c4550a359c5157aaf8507e6820d98682872b9100ce7607f8aa070b4b8af6c298",
                "sha256:c6572c2dab23c86a14e82c245473d45b4c515314f1f859e92608dcafbd2f19b8",
                "sha256:cba430db673c29376135e695c6e2501c44c256a81495da849e85d1793ee975ad",
                "sha256:dedc71c8eb9c5096037766390172c34fb86ef048b8e8958b4e484b9e505d66bc",
                "sha256:e6f5eb2f53fac7d408a45fbcdeda7224b1cfff64919d0f95473420a931347ae9",
                "sha256:ec2eba188c1906b05b9b49ae55aae4efd8150c61ba450e6721f64620c50b59eb",
                "sha256:ee040a7de8d295dbd261ef2d6d3192f13e2b08ec4a954de34a6fb8ff6422e24c",
                "sha256:eedd3b59190885d1ebdf6c5e0ca56828beb1949b4dfe6e5d0256a461429ac386",
                "sha256:f441422bb313ab25de7b3dbfd388e790eceb76ce01a18199ec4944b369017009",
                "sha256:f8eb7b6716f5b50e9c06207a14172cf2de201e41912ebe732846c02c830455b9",
                "sha256:fc4453705b81d03568d5b808ad8f09c77c47534f6ac2e72e733f9ca4714aa75c"
            ],
            "markers": "python_version >= '3.7'",
            "version": "==1.3.2"
        },
        "markupsafe": {
            "hashes": [
                "sha256:023af8c54fe63530545f70dd2a2a7eed18d07a9a77b94e8bf1e2ff7f252db9a3",
                "sha256:09c86c9643cceb1d87ca08cdc30160d1b7ab49a8a21564868921959bd16441b8",
                "sha256:142119fb14a1ef6d758912b25c4e803c3ff66920635c44078666fe7cc3f8f759",
                "sha256:1d1fb9b2eec3c9714dd936860850300b51dbaa37404209c8d4cb66547884b7ed",
                "sha256:204730fd5fe2fe3b1e9ccadb2bd18ba8712b111dcabce185af0b3b5285a7c989",
                "sha256:24c3be29abb6b34052fd26fc7a8e0a49b1ee9d282e3665e8ad09a0a68faee5b3",
                "sha256:290b02bab3c9e216da57c1d11d2ba73a9f73a614bbdcc027d299a60cdfabb11a",
                "sha256:3028252424c72b2602a323f70fbf50aa80a5d3aa616ea6add4ba21ae9cc9da4c",
                "sha256:30c653fde75a6e5eb814d2a0a89378f83d1d3f502ab710904ee585c38888816c",
                "sha256:3cace1837bc84e63b3fd2dfce37f08f8c18aeb81ef5cf6bb9b51f625cb4e6cd8",
                "sha256:4056f752015dfa9828dce3140dbadd543b555afb3252507348c493def166d454",
                "sha256:454ffc1cbb75227d15667c09f164a0099159da0c1f3d2636aa648f12675491ad",
                "sha256:598b65d74615c021423bd45c2bc5e9b59539c875a9bdb7e5f2a6b92dfcfc268d",
                "sha256:599941da468f2cf22bf90a84f6e2a65524e87be2fce844f96f2dd9a6c9d1e635",
                "sha256:5ddea4c352a488b5e1069069f2f501006b1a4362cb906bee9a193ef1245a7a61",
                "sha256:62c0285e91414f5c8f621a17b69fc0088394ccdaa961ef469e833dbff64bd5ea",
                "sha256:679cbb78914ab212c49c67ba2c7396dc599a8479de51b9a87b174700abd9ea49",
                "sha256:6e104c0c2b4cd765b4e83909cde7ec61a1e313f8a75775897db321450e928cce",
                "sha256:736895a020e31b428b3382a7887bfea96102c529530299f426bf2e636aacec9e",
                "sha256:75bb36f134883fdbe13d8e63b8675f5f12b80bb6627f7714c7d6c5becf22719f",
                "sha256:7d2f5d97fcbd004c03df8d8fe2b973fe2b14e7bfeb2cfa012eaa8759ce9a762f",
                "sha256:80beaf63ddfbc64a0452b841d8036ca0611e049650e20afcb882f5d3c266d65f",
                "sha256:84ad5e29bf8bab3ad70fd707d3c05524862bddc54dc040982b0dbcff36481de7",
                "sha256:8da5924cb1f9064589767b0f3fc39d03e3d0fb5aa29e0cb21d43106519bd624a",
                "sha256:961eb86e5be7d0973789f30ebcf6caab60b844203f4396ece27310295a6082c7",
                "sha256:96de1932237abe0a13ba68b63e94113678c379dca45afa040a17b6e1ad7ed076",
                "sha256:a0a0abef2ca47b33fb615b491ce31b055ef2430de52c5b3fb19a4042dbc5cadb",
                "sha256:b2a5a856019d2833c56a3dcac1b80fe795c95f401818ea963594b345929dffa7",
                "sha256:b8811d48078d1cf2a6863dafb896e68406c5f513048451cd2ded0473133473c7",
                "sha256:c532d5ab79be0199fa2658e24a02fce8542df196e60665dd322409a03db6a52c",
                "sha256:d3b64c65328cb4cd252c94f83e66e3d7acf8891e60ebf588d7b493a55a1dbf26",
                "sha256:d4e702eea4a2903441f2735799d217f4ac1b55f7d8ad96ab7d4e25417cb0827c",
                "sha256:d5653619b3eb5cbd35bfba3c12d575db2a74d15e0e1c08bf1db788069d410ce8",
                "sha256:d66624f04de4af8bbf1c7f21cc06649c1c69a7f84109179add573ce35e46d448",
                "sha256:e67ec74fada3841b8c5f4c4f197bea916025cb9aa3fe5abf7d52b655d042f956",
                "sha256:e6f7f3f41faffaea6596da86ecc2389672fa949bd035251eab26dc6697451d05",
                "sha256:f02cf7221d5cd915d7fa58ab64f7ee6dd0f6cddbb48683debf5d04ae9b1c2cc1",
                "sha256:f0eddfcabd6936558ec020130f932d479930581171368fd728efcfb6ef0dd357",
                "sha256:fabbe18087c3d33c5824cb145ffca52eccd053061df1d79d4b66dafa5ad2a5ea",
                "sha256:fc3150f85e2dbcf99e65238c842d1cfe69d3e7649b19864c1cc043213d9cd730"
            ],
            "markers": "python_version >= '3.7'",
            "version": "==2.1.0"
        },
        "matplotlib": {
            "hashes": [
                "sha256:1f83a32e4b6045191f9d34e4dc68c0a17c870b57ef9cca518e516da591246e79",
                "sha256:2eee37340ca1b353e0a43a33da79d0cd4bcb087064a0c3c3d1329cdea8fbc6f3",
                "sha256:53ceb12ef44f8982b45adc7a0889a7e2df1d758e8b360f460e435abe8a8cd658",
                "sha256:574306171b84cd6854c83dc87bc353cacc0f60184149fb00c9ea871eca8c1ecb",
                "sha256:7561fd541477d41f3aa09457c434dd1f7604f3bd26d7858d52018f5dfe1c06d1",
                "sha256:7a54efd6fcad9cb3cd5ef2064b5a3eeb0b63c99f26c346bdcf66e7c98294d7cc",
                "sha256:7f16660edf9a8bcc0f766f51c9e1b9d2dc6ceff6bf636d2dbd8eb925d5832dfd",
                "sha256:81e6fe8b18ef5be67f40a1d4f07d5a4ed21d3878530193898449ddef7793952f",
                "sha256:84a10e462120aa7d9eb6186b50917ed5a6286ee61157bfc17c5b47987d1a9068",
                "sha256:84d4c4f650f356678a5d658a43ca21a41fca13f9b8b00169c0b76e6a6a948908",
                "sha256:86dc94e44403fa0f2b1dd76c9794d66a34e821361962fe7c4e078746362e3b14",
                "sha256:90dbc007f6389bcfd9ef4fe5d4c78c8d2efe4e0ebefd48b4f221cdfed5672be2",
                "sha256:9f374961a3996c2d1b41ba3145462c3708a89759e604112073ed6c8bdf9f622f",
                "sha256:a18cc1ab4a35b845cf33b7880c979f5c609fd26c2d6e74ddfacb73dcc60dd956",
                "sha256:a97781453ac79409ddf455fccf344860719d95142f9c334f2a8f3fff049ffec3",
                "sha256:a989022f89cda417f82dbf65e0a830832afd8af743d05d1414fb49549287ff04",
                "sha256:ac2a30a09984c2719f112a574b6543ccb82d020fd1b23b4d55bf4759ba8dd8f5",
                "sha256:be4430b33b25e127fc4ea239cc386389de420be4d63e71d5359c20b562951ce1",
                "sha256:c45e7bf89ea33a2adaef34774df4e692c7436a18a48bcb0e47a53e698a39fa39"
            ],
            "index": "pypi",
            "version": "==3.4.1"
        },
        "mysql-connector-python": {
            "hashes": [
                "sha256:0f41b3142fe5325e830a3420915a6cf652b9da1d3a8e0df11bade1c120c0fc2c",
                "sha256:114ab771b6a1a98ea1e2e88c44fcf3ff713c65ac9fa8d3e88c0034e1fc0aed5d",
                "sha256:2184f6b86c3981e5b2ffa82e946f12368a5f1758f022d9a30f43077950136114",
                "sha256:2833d47ad04d08c1d3ab64b3b2b9203f84333f3463ca99332961c0ae1bf8101f",
                "sha256:2eabe3f8a264efb3af04cb477943a8c8f04396fda0c5e2ad3450f9c044ddc603",
                "sha256:2ed23de6c0a9e5769fc14f2930492b81629cb40f79381d79c679ddd04d5f3ddb",
                "sha256:320a5929a39cae75a1cf0603b3baffdd7f36a0e520bfdd471d456f70973fc0ac",
                "sha256:451120a964d3c56d983c7664f7c799bd92d5660085e3d8058defdec3e8a3b93a",
                "sha256:49394f30e792a880ca2bd6e7e9d11eb86df0c316ab629b6d19185c9f5ca0811d",
                "sha256:5e84dcc25d4b505118e0c28f07de496a41bc0ab121232a2aba83d0248cd49257",
                "sha256:76758ee1d57b712bfbdae358506d578b955fda9dd91ae068a59e0fe02138ef0d",
                "sha256:7b7fa9ed17a43164df2e203b25bf71f8679460795c055fb23f64a66f7ecde6be",
                "sha256:7d55a446700bec300ec6a5b928b4700384bc2add43fa3b9ca124b03640db4e19",
                "sha256:a37dff9d748d92134ea47ddbaafdfadb7f3bf9c8a66429ae247fb1ccaf6f7337",
                "sha256:a5bf1979c126f475bc10c840d9464d5a2e4604bdc67b6be8bbaf9dbc4a3d8b89",
                "sha256:a63658c518502736979dc1a79250c5e54ebbbd5ccfe9ec040cc591fcefbf1974",
                "sha256:aa2307ddc30dd20dbca1165ffb1cf41dcf30ae1bcf46e74cb92c06a0eeeb0aac",
                "sha256:c783e1dc8b78a1b1a9ebbf3ccb12d17e4513d91fafeb5b6c06a29f2d5619e285",
                "sha256:dd7ed6baa35c3a89c6c8c8d6be0ebe1b089e77f41bb874b9dc4bc6db83ad654f",
                "sha256:eb5d409df6e54c9a8f47dc901334d5e8b30a7967775d6eb3158494bf0534995d",
                "sha256:efe72ce5e9d9051aeb99a4910949b3afb17570106a980a7a4f480d3894b1f426",
                "sha256:f42516ef6b80ce70322f1fda63a8762f898df60df8ba621b2308d933216a8598",
                "sha256:faf2aeb18725bb8bb6aae1e33b358d328cd35ded1b610d4c8608529b3051f634"
            ],
            "index": "pypi",
            "version": "==8.0.23"
        },
        "numpy": {
            "hashes": [
                "sha256:07a8c89a04997625236c5ecb7afe35a02af3896c8aa01890a849913a2309c676",
                "sha256:08d9b008d0156c70dc392bb3ab3abb6e7a711383c3247b410b39962263576cd4",
                "sha256:201b4d0552831f7250a08d3b38de0d989d6f6e4658b709a02a73c524ccc6ffce",
                "sha256:2c10a93606e0b4b95c9b04b77dc349b398fdfbda382d2a39ba5a822f669a0123",
                "sha256:3ca688e1b9b95d80250bca34b11a05e389b1420d00e87a0d12dc45f131f704a1",
                "sha256:48a3aecd3b997bf452a2dedb11f4e79bc5bfd21a1d4cc760e703c31d57c84b3e",
                "sha256:568dfd16224abddafb1cbcce2ff14f522abe037268514dd7e42c6776a1c3f8e5",
                "sha256:5bfb1bb598e8229c2d5d48db1860bcf4311337864ea3efdbe1171fb0c5da515d",
                "sha256:639b54cdf6aa4f82fe37ebf70401bbb74b8508fddcf4797f9fe59615b8c5813a",
                "sha256:8251ed96f38b47b4295b1ae51631de7ffa8260b5b087808ef09a39a9d66c97ab",
                "sha256:92bfa69cfbdf7dfc3040978ad09a48091143cffb778ec3b03fa170c494118d75",
                "sha256:97098b95aa4e418529099c26558eeb8486e66bd1e53a6b606d684d0c3616b168",
                "sha256:a3bae1a2ed00e90b3ba5f7bd0a7c7999b55d609e0c54ceb2b076a25e345fa9f4",
                "sha256:c34ea7e9d13a70bf2ab64a2532fe149a9aced424cd05a2c4ba662fd989e3e45f",
                "sha256:dbc7601a3b7472d559dc7b933b18b4b66f9aa7452c120e87dfb33d02008c8a18",
                "sha256:e7927a589df200c5e23c57970bafbd0cd322459aa7b1ff73b7c2e84d6e3eae62",
                "sha256:f8c1f39caad2c896bc0018f699882b345b2a63708008be29b1f355ebf6f933fe",
                "sha256:f950f8845b480cffe522913d35567e29dd381b0dc7e4ce6a4a9f9156417d2430",
                "sha256:fade0d4f4d292b6f39951b6836d7a3c7ef5b2347f3c420cd9820a1d90d794802",
                "sha256:fdf3c08bce27132395d3c3ba1503cac12e17282358cb4bddc25cc46b0aca07aa"
            ],
            "markers": "python_version >= '3.8'",
            "version": "==1.22.3"
        },
        "pillow": {
            "hashes": [
                "sha256:011233e0c42a4a7836498e98c1acf5e744c96a67dd5032a6f666cc1fb97eab97",
                "sha256:0f29d831e2151e0b7b39981756d201f7108d3d215896212ffe2e992d06bfe049",
                "sha256:12875d118f21cf35604176872447cdb57b07126750a33748bac15e77f90f1f9c",
                "sha256:14d4b1341ac07ae07eb2cc682f459bec932a380c3b122f5540432d8977e64eae",
                "sha256:1c3c33ac69cf059bbb9d1a71eeaba76781b450bc307e2291f8a4764d779a6b28",
                "sha256:1d19397351f73a88904ad1aee421e800fe4bbcd1aeee6435fb62d0a05ccd1030",
                "sha256:253e8a302a96df6927310a9d44e6103055e8fb96a6822f8b7f514bb7ef77de56",
                "sha256:2632d0f846b7c7600edf53c48f8f9f1e13e62f66a6dbc15191029d950bfed976",
                "sha256:335ace1a22325395c4ea88e00ba3dc89ca029bd66bd5a3c382d53e44f0ccd77e",
                "sha256:413ce0bbf9fc6278b2d63309dfeefe452835e1c78398efb431bab0672fe9274e",
                "sha256:5100b45a4638e3c00e4d2320d3193bdabb2d75e79793af7c3eb139e4f569f16f",
                "sha256:514ceac913076feefbeaf89771fd6febde78b0c4c1b23aaeab082c41c694e81b",
                "sha256:528a2a692c65dd5cafc130de286030af251d2ee0483a5bf50c9348aefe834e8a",
                "sha256:6295f6763749b89c994fcb6d8a7f7ce03c3992e695f89f00b741b4580b199b7e",
                "sha256:6c8bc8238a7dfdaf7a75f5ec5a663f4173f8c367e5a39f87e720495e1eed75fa",
                "sha256:718856856ba31f14f13ba885ff13874be7fefc53984d2832458f12c38205f7f7",
                "sha256:7f7609a718b177bf171ac93cea9fd2ddc0e03e84d8fa4e887bdfc39671d46b00",
                "sha256:80ca33961ced9c63358056bd08403ff866512038883e74f3a4bf88ad3eb66838",
                "sha256:80fe64a6deb6fcfdf7b8386f2cf216d329be6f2781f7d90304351811fb591360",
                "sha256:81c4b81611e3a3cb30e59b0cf05b888c675f97e3adb2c8672c3154047980726b",
                "sha256:855c583f268edde09474b081e3ddcd5cf3b20c12f26e0d434e1386cc5d318e7a",
                "sha256:9bfdb82cdfeccec50aad441afc332faf8606dfa5e8efd18a6692b5d6e79f00fd",
                "sha256:a5d24e1d674dd9d72c66ad3ea9131322819ff86250b30dc5821cbafcfa0b96b4",
                "sha256:a9f44cd7e162ac6191491d7249cceb02b8116b0f7e847ee33f739d7cb1ea1f70",
                "sha256:b5b3f092fe345c03bca1e0b687dfbb39364b21ebb8ba90e3fa707374b7915204",
                "sha256:b9618823bd237c0d2575283f2939655f54d51b4527ec3972907a927acbcc5bfc",
                "sha256:cef9c85ccbe9bee00909758936ea841ef12035296c748aaceee535969e27d31b",
                "sha256:d21237d0cd37acded35154e29aec853e945950321dd2ffd1a7d86fe686814669",
                "sha256:d3c5c79ab7dfce6d88f1ba639b77e77a17ea33a01b07b99840d6ed08031cb2a7",
                "sha256:d9d7942b624b04b895cb95af03a23407f17646815495ce4547f0e60e0b06f58e",
                "sha256:db6d9fac65bd08cea7f3540b899977c6dee9edad959fa4eaf305940d9cbd861c",
                "sha256:ede5af4a2702444a832a800b8eb7f0a7a1c0eed55b644642e049c98d589e5092",
                "sha256:effb7749713d5317478bb3acb3f81d9d7c7f86726d41c1facca068a04cf5bb4c",
                "sha256:f154d173286a5d1863637a7dcd8c3437bb557520b01bddb0be0258dcb72696b5",
                "sha256:f25ed6e28ddf50de7e7ea99d7a976d6a9c415f03adcaac9c41ff6ff41b6d86ac"
            ],
            "index": "pypi",
            "version": "==9.0.1"
        },
        "protobuf": {
            "hashes": [
                "sha256:072fbc78d705d3edc7ccac58a62c4c8e0cec856987da7df8aca86e647be4e35c",
                "sha256:09297b7972da685ce269ec52af761743714996b4381c085205914c41fcab59fb",
                "sha256:16f519de1313f1b7139ad70772e7db515b1420d208cb16c6d7858ea989fc64a9",
                "sha256:1c91ef4110fdd2c590effb5dca8fdbdcb3bf563eece99287019c4204f53d81a4",
                "sha256:3112b58aac3bac9c8be2b60a9daf6b558ca3f7681c130dcdd788ade7c9ffbdca",
                "sha256:36cecbabbda242915529b8ff364f2263cd4de7c46bbe361418b5ed859677ba58",
                "sha256:4276cdec4447bd5015453e41bdc0c0c1234eda08420b7c9a18b8d647add51e4b",
                "sha256:435bb78b37fc386f9275a7035fe4fb1364484e38980d0dd91bc834a02c5ec909",
                "sha256:48ed3877fa43e22bcacc852ca76d4775741f9709dd9575881a373bd3e85e54b2",
                "sha256:54a1473077f3b616779ce31f477351a45b4fef8c9fd7892d6d87e287a38df368",
                "sha256:69da7d39e39942bd52848438462674c463e23963a1fdaa84d88df7fbd7e749b2",
                "sha256:6cbc312be5e71869d9d5ea25147cdf652a6781cf4d906497ca7690b7b9b5df13",
                "sha256:7bb03bc2873a2842e5ebb4801f5c7ff1bfbdf426f85d0172f7644fcda0671ae0",
                "sha256:7ca7da9c339ca8890d66958f5462beabd611eca6c958691a8fe6eccbd1eb0c6e",
                "sha256:835a9c949dc193953c319603b2961c5c8f4327957fe23d914ca80d982665e8ee",
                "sha256:84123274d982b9e248a143dadd1b9815049f4477dc783bf84efe6250eb4b836a",
                "sha256:8961c3a78ebfcd000920c9060a262f082f29838682b1f7201889300c1fbe0616",
                "sha256:96bd766831596d6014ca88d86dc8fe0fb2e428c0b02432fd9db3943202bf8c5e",
                "sha256:9df0c10adf3e83015ced42a9a7bd64e13d06c4cf45c340d2c63020ea04499d0a",
                "sha256:b38057450a0c566cbd04890a40edf916db890f2818e8682221611d78dc32ae26",
                "sha256:bd95d1dfb9c4f4563e6093a9aa19d9c186bf98fa54da5252531cc0d3a07977e7",
                "sha256:c1068287025f8ea025103e37d62ffd63fec8e9e636246b89c341aeda8a67c934",
                "sha256:c438268eebb8cf039552897d78f402d734a404f1360592fef55297285f7f953f",
                "sha256:cdc076c03381f5c1d9bb1abdcc5503d9ca8b53cf0a9d31a9f6754ec9e6c8af0f",
                "sha256:f358aa33e03b7a84e0d91270a4d4d8f5df6921abe99a377828839e8ed0c04e07",
                "sha256:f51d5a9f137f7a2cec2d326a74b6e3fc79d635d69ffe1b036d39fc7d75430d37"
            ],
            "markers": "python_version >= '3.5'",
            "version": "==3.19.4"
        },
        "pyparsing": {
            "hashes": [
                "sha256:18ee9022775d270c55187733956460083db60b37d0d0fb357445f3094eed3eea",
                "sha256:a6c06a88f252e6c322f65faf8f418b16213b51bdfaece0524c1c1bc30c63c484"
            ],
            "markers": "python_version >= '3.6'",
            "version": "==3.0.7"
        },
        "python-dateutil": {
            "hashes": [
                "sha256:0123cacc1627ae19ddf3c27a5de5bd67ee4586fbdd6440d9748f8abb483d3e86",
                "sha256:961d03dc3453ebbc59dbdea9e4e11c5651520a876d0f4db161e8674aae935da9"
            ],
            "markers": "python_version >= '2.7' and python_version not in '3.0, 3.1, 3.2, 3.3'",
            "version": "==2.8.2"
        },
        "python-dotenv": {
            "hashes": [
                "sha256:471b782da0af10da1a80341e8438fca5fadeba2881c54360d5fd8d03d03a4f4a",
                "sha256:49782a97c9d641e8a09ae1d9af0856cc587c8d2474919342d5104d85be9890b2"
            ],
            "index": "pypi",
            "version": "==0.17.0"
        },
        "requests": {
            "hashes": [
                "sha256:27973dd4a904a4f13b263a19c866c13b92a39ed1c964655f025f3f8d3d75b804",
                "sha256:c210084e36a42ae6b9219e00e48287def368a26d03a048ddad7bfee44f75871e"
            ],
            "index": "pypi",
            "version": "==2.25.1"
        },
        "six": {
            "hashes": [
                "sha256:1e61c37477a1626458e36f7b1d82aa5c9b094fa4802892072e49de9c60c4c926",
                "sha256:8abb2f1d86890a2dfb989f9a77cfcfd3e47c2a354b01111771326f8aa26e0254"
            ],
            "markers": "python_version >= '2.7' and python_version not in '3.0, 3.1, 3.2, 3.3'",
            "version": "==1.16.0"
        },
        "speedtest-cli": {
            "hashes": [
                "sha256:5e2773233cedb5fa3d8120eb7f97bcc4974b5221b254d33ff16e2f1d413d90f0",
                "sha256:75ff32c91af9ac1ce2b905476d6e92bd9eb2c0783f9e7d1939d74605c7d0b9ea"
            ],
            "index": "pypi",
            "version": "==2.1.3"
        },
        "urllib3": {
            "hashes": [
                "sha256:000ca7f471a233c2251c6c7023ee85305721bfdf18621ebff4fd17a8653427ed",
                "sha256:0e7c33d9a63e7ddfcb86780aac87befc2fbddf46c58dbb487e0855f7ceec283c"
            ],
            "markers": "python_version >= '2.7' and python_version not in '3.0, 3.1, 3.2, 3.3, 3.4' and python_version < '4'",
            "version": "==1.26.8"
        }
    },
    "develop": {}
}
